// !$*UTF8*$!
{
	archiveVersion = 1;
	classes = {
	};
	objectVersion = 46;
	objects = {

/* Begin PBXBuildFile section */
		D33E01531D38D8E0003A6BAA /* AppDelegate.swift in Sources */ = {isa = PBXBuildFile; fileRef = D33E01521D38D8E0003A6BAA /* AppDelegate.swift */; };
		D33E01551D38D8E0003A6BAA /* ViewController.swift in Sources */ = {isa = PBXBuildFile; fileRef = D33E01541D38D8E0003A6BAA /* ViewController.swift */; };
		D33E01581D38D8E0003A6BAA /* Main.storyboard in Resources */ = {isa = PBXBuildFile; fileRef = D33E01561D38D8E0003A6BAA /* Main.storyboard */; };
		D33E015A1D38D8E0003A6BAA /* Assets.xcassets in Resources */ = {isa = PBXBuildFile; fileRef = D33E01591D38D8E0003A6BAA /* Assets.xcassets */; };
		D33E015D1D38D8E0003A6BAA /* LaunchScreen.storyboard in Resources */ = {isa = PBXBuildFile; fileRef = D33E015B1D38D8E0003A6BAA /* LaunchScreen.storyboard */; };
		D3B3FBD91D3CCC2B00FF3C0F /* CalculatorBrain.swift in Sources */ = {isa = PBXBuildFile; fileRef = D3B3FBD81D3CCC2A00FF3C0F /* CalculatorBrain.swift */; };
/* End PBXBuildFile section */

/* Begin PBXFileReference section */
		D33E014F1D38D8DF003A6BAA /* Assign1_Calculator.app */ = {isa = PBXFileReference; explicitFileType = wrapper.application; includeInIndex = 0; path = Assign1_Calculator.app; sourceTree = BUILT_PRODUCTS_DIR; };
		D33E01521D38D8E0003A6BAA /* AppDelegate.swift */ = {isa = PBXFileReference; lastKnownFileType = sourcecode.swift; path = AppDelegate.swift; sourceTree = "<group>"; };
		D33E01541D38D8E0003A6BAA /* ViewController.swift */ = {isa = PBXFileReference; lastKnownFileType = sourcecode.swift; path = ViewController.swift; sourceTree = "<group>"; };
		D33E01571D38D8E0003A6BAA /* Base */ = {isa = PBXFileReference; lastKnownFileType = file.storyboard; name = Base; path = Base.lproj/Main.storyboard; sourceTree = "<group>"; };
		D33E01591D38D8E0003A6BAA /* Assets.xcassets */ = {isa = PBXFileReference; lastKnownFileType = folder.assetcatalog; path = Assets.xcassets; sourceTree = "<group>"; };
		D33E015C1D38D8E0003A6BAA /* Base */ = {isa = PBXFileReference; lastKnownFileType = file.storyboard; name = Base; path = Base.lproj/LaunchScreen.storyboard; sourceTree = "<group>"; };
		D33E015E1D38D8E0003A6BAA /* Info.plist */ = {isa = PBXFileReference; lastKnownFileType = text.plist.xml; path = Info.plist; sourceTree = "<group>"; };
		D3B3FBD81D3CCC2A00FF3C0F /* CalculatorBrain.swift */ = {isa = PBXFileReference; fileEncoding = 4; lastKnownFileType = sourcecode.swift; path = CalculatorBrain.swift; sourceTree = "<group>"; };
/* End PBXFileReference section */

/* Begin PBXFrameworksBuildPhase section */
		D33E014C1D38D8DF003A6BAA /* Frameworks */ = {
			isa = PBXFrameworksBuildPhase;
			buildActionMask = 2147483647;
			files = (
			);
			runOnlyForDeploymentPostprocessing = 0;
		};
/* End PBXFrameworksBuildPhase section */

/* Begin PBXGroup section */
		D33E01461D38D8DF003A6BAA = {
			isa = PBXGroup;
			children = (
				D33E01511D38D8E0003A6BAA /* Assign1_Calculator */,
				D33E01501D38D8DF003A6BAA /* Products */,
			);
			sourceTree = "<group>";
		};
		D33E01501D38D8DF003A6BAA /* Products */ = {
			isa = PBXGroup;
			children = (
				D33E014F1D38D8DF003A6BAA /* Assign1_Calculator.app */,
			);
			name = Products;
			sourceTree = "<group>";
		};
		D33E01511D38D8E0003A6BAA /* Assign1_Calculator */ = {
			isa = PBXGroup;
			children = (
				D33E01521D38D8E0003A6BAA /* AppDelegate.swift */,
				D33E01541D38D8E0003A6BAA /* ViewController.swift */,
				D3B3FBD81D3CCC2A00FF3C0F /* CalculatorBrain.swift */,
				D33E01561D38D8E0003A6BAA /* Main.storyboard */,
				D33E01591D38D8E0003A6BAA /* Assets.xcassets */,
				D33E015B1D38D8E0003A6BAA /* LaunchScreen.storyboard */,
				D33E015E1D38D8E0003A6BAA /* Info.plist */,
			);
			path = Assign1_Calculator;
			sourceTree = "<group>";
		};
/* End PBXGroup section */

/* Begin PBXNativeTarget section */
		D33E014E1D38D8DF003A6BAA /* Assign1_Calculator */ = {
			isa = PBXNativeTarget;
			buildConfigurationList = D33E01611D38D8E0003A6BAA /* Build configuration list for PBXNativeTarget "Assign1_Calculator" */;
			buildPhases = (
				D33E014B1D38D8DF003A6BAA /* Sources */,
				D33E014C1D38D8DF003A6BAA /* Frameworks */,
				D33E014D1D38D8DF003A6BAA /* Resources */,
			);
			buildRules = (
			);
			dependencies = (
			);
			name = Assign1_Calculator;
			productName = Assign1_Calculator;
			productReference = D33E014F1D38D8DF003A6BAA /* Assign1_Calculator.app */;
			productType = "com.apple.product-type.application";
		};
/* End PBXNativeTarget section */

/* Begin PBXProject section */
		D33E01471D38D8DF003A6BAA /* Project object */ = {
			isa = PBXProject;
			attributes = {
				LastSwiftUpdateCheck = 0730;
				LastUpgradeCheck = 0730;
				ORGANIZATIONNAME = 3smurfs;
				TargetAttributes = {
					D33E014E1D38D8DF003A6BAA = {
						CreatedOnToolsVersion = 7.3.1;
						DevelopmentTeam = JZ92YFTR72;
					};
				};
			};
			buildConfigurationList = D33E014A1D38D8DF003A6BAA /* Build configuration list for PBXProject "Assign1_Calculator" */;
			compatibilityVersion = "Xcode 3.2";
			developmentRegion = English;
			hasScannedForEncodings = 0;
			knownRegions = (
				en,
				Base,
			);
			mainGroup = D33E01461D38D8DF003A6BAA;
			productRefGroup = D33E01501D38D8DF003A6BAA /* Products */;
			projectDirPath = "";
			projectRoot = "";
			targets = (
				D33E014E1D38D8DF003A6BAA /* Assign1_Calculator */,
			);
		};
/* End PBXProject section */

/* Begin PBXResourcesBuildPhase section */
		D33E014D1D38D8DF003A6BAA /* Resources */ = {
			isa = PBXResourcesBuildPhase;
			buildActionMask = 2147483647;
			files = (
				D33E015D1D38D8E0003A6BAA /* LaunchScreen.storyboard in Resources */,
				D33E015A1D38D8E0003A6BAA /* Assets.xcassets in Resources */,
				D33E01581D38D8E0003A6BAA /* Main.storyboard in Resources */,
			);
			runOnlyForDeploymentPostprocessing = 0;
		};
/* End PBXResourcesBuildPhase section */

/* Begin PBXSourcesBuildPhase section */
		D33E014B1D38D8DF003A6BAA /* Sources */ = {
			isa = PBXSourcesBuildPhase;
			buildActionMask = 2147483647;
			files = (
				D3B3FBD91D3CCC2B00FF3C0F /* CalculatorBrain.swift in Sources */,
				D33E01551D38D8E0003A6BAA /* ViewController.swift in Sources */,
				D33E01531D38D8E0003A6BAA /* AppDelegate.swift in Sources */,
			);
			runOnlyForDeploymentPostprocessing = 0;
		};
/* End PBXSourcesBuildPhase section */

/* Begin PBXVariantGroup section */
		D33E01561D38D8E0003A6BAA /* Main.storyboard */ = {
			isa = PBXVariantGroup;
			children = (
				D33E01571D38D8E0003A6BAA /* Base */,
			);
			name = Main.storyboard;
			sourceTree = "<group>";
		};
		D33E015B1D38D8E0003A6BAA /* LaunchScreen.storyboard */ = {
			isa = PBXVariantGroup;
			children = (
				D33E015C1D38D8E0003A6BAA /* Base */,
			);
			name = LaunchScreen.storyboard;
			sourceTree = "<group>";
		};
/* End PBXVariantGroup section */

/* Begin XCBuildConfiguration section */
		D33E015F1D38D8E0003A6BAA /* Debug */ = {
			isa = XCBuildConfiguration;
			buildSettings = {
				ALWAYS_SEARCH_USER_PATHS = NO;
				CLANG_ANALYZER_NONNULL = YES;
				CLANG_CXX_LANGUAGE_STANDARD = "gnu++0x";
				CLANG_CXX_LIBRARY = "libc++";
				CLANG_ENABLE_MODULES = YES;
				CLANG_ENABLE_OBJC_ARC = YES;
				CLANG_WARN_BOOL_CONVERSION = YES;
				CLANG_WARN_CONSTANT_CONVERSION = YES;
				CLANG_WARN_DIRECT_OBJC_ISA_USAGE = YES_ERROR;
				CLANG_WARN_EMPTY_BODY = YES;
				CLANG_WARN_ENUM_CONVERSION = YES;
				CLANG_WARN_INT_CONVERSION = YES;
				CLANG_WARN_OBJC_ROOT_CLASS = YES_ERROR;
				CLANG_WARN_UNREACHABLE_CODE = YES;
				CLANG_WARN__DUPLICATE_METHOD_MATCH = YES;
				"CODE_SIGN_IDENTITY[sdk=iphoneos*]" = "iPhone Developer";
				COPY_PHASE_STRIP = NO;
				DEBUG_INFORMATION_FORMAT = dwarf;
				ENABLE_STRICT_OBJC_MSGSEND = YES;
				ENABLE_TESTABILITY = YES;
				GCC_C_LANGUAGE_STANDARD = gnu99;
				GCC_DYNAMIC_NO_PIC = NO;
				GCC_NO_COMMON_BLOCKS = YES;
				GCC_OPTIMIZATION_LEVEL = 0;
				GCC_PREPROCESSOR_DEFINITIONS = (
					"DEBUG=1",
					"$(inherited)",
				);
				GCC_WARN_64_TO_32_BIT_CONVERSION = YES;
				GCC_WARN_ABOUT_RETURN_TYPE = YES_ERROR;
				GCC_WARN_UNDECLARED_SELECTOR = YES;
				GCC_WARN_UNINITIALIZED_AUTOS = YES_AGGRESSIVE;
				GCC_WARN_UNUSED_FUNCTION = YES;
				GCC_WARN_UNUSED_VARIABLE = YES;
				IPHONEOS_DEPLOYMENT_TARGET = 9.3;
				MTL_ENABLE_DEBUG_INFO = YES;
				ONLY_ACTIVE_ARCH = YES;
				SDKROOT = iphoneos;
				SWIFT_OPTIMIZATION_LEVEL = "-Onone";
				TARGETED_DEVICE_FAMILY = "1,2";
			};
			name = Debug;
		};
		D33E01601D38D8E0003A6BAA /* Release */ = {
			isa = XCBuildConfiguration;
			buildSettings = {
				ALWAYS_SEARCH_USER_PATHS = NO;
				CLANG_ANALYZER_NONNULL = YES;
				CLANG_CXX_LANGUAGE_STANDARD = "gnu++0x";
				CLANG_CXX_LIBRARY = "libc++";
				CLANG_ENABLE_MODULES = YES;
				CLANG_ENABLE_OBJC_ARC = YES;
				CLANG_WARN_BOOL_CONVERSION = YES;
				CLANG_WARN_CONSTANT_CONVERSION = YES;
				CLANG_WARN_DIRECT_OBJC_ISA_USAGE = YES_ERROR;
				CLANG_WARN_EMPTY_BODY = YES;
				CLANG_WARN_ENUM_CONVERSION = YES;
				CLANG_WARN_INT_CONVERSION = YES;
				CLANG_WARN_OBJC_ROOT_CLASS = YES_ERROR;
				CLANG_WARN_UNREACHABLE_CODE = YES;
				CLANG_WARN__DUPLICATE_METHOD_MATCH = YES;
				"CODE_SIGN_IDENTITY[sdk=iphoneos*]" = "iPhone Developer";
				COPY_PHASE_STRIP = NO;
				DEBUG_INFORMATION_FORMAT = "dwarf-with-dsym";
				ENABLE_NS_ASSERTIONS = NO;
				ENABLE_STRICT_OBJC_MSGSEND = YES;
				GCC_C_LANGUAGE_STANDARD = gnu99;
				GCC_NO_COMMON_BLOCKS = YES;
				GCC_WARN_64_TO_32_BIT_CONVERSION = YES;
				GCC_WARN_ABOUT_RETURN_TYPE = YES_ERROR;
				GCC_WARN_UNDECLARED_SELECTOR = YES;
				GCC_WARN_UNINITIALIZED_AUTOS = YES_AGGRESSIVE;
				GCC_WARN_UNUSED_FUNCTION = YES;
				GCC_WARN_UNUSED_VARIABLE = YES;
				IPHONEOS_DEPLOYMENT_TARGET = 9.3;
				MTL_ENABLE_DEBUG_INFO = NO;
				SDKROOT = iphoneos;
				TARGETED_DEVICE_FAMILY = "1,2";
				VALIDATE_PRODUCT = YES;
			};
			name = Release;
		};
		D33E01621D38D8E0003A6BAA /* Debug */ = {
			isa = XCBuildConfiguration;
			buildSettings = {
				ASSETCATALOG_COMPILER_APPICON_NAME = AppIcon;
				INFOPLIST_FILE = Assign1_Calculator/Info.plist;
				LD_RUNPATH_SEARCH_PATHS = "$(inherited) @executable_path/Frameworks";
				PRODUCT_BUNDLE_IDENTIFIER = "-smurfs.com.Assign1-Calculator";
				PRODUCT_NAME = "$(TARGET_NAME)";
			};
			name = Debug;
		};
		D33E01631D38D8E0003A6BAA /* Release */ = {
			isa = XCBuildConfiguration;
			buildSettings = {
				ASSETCATALOG_COMPILER_APPICON_NAME = AppIcon;
				INFOPLIST_FILE = Assign1_Calculator/Info.plist;
				LD_RUNPATH_SEARCH_PATHS = "$(inherited) @executable_path/Frameworks";
				PRODUCT_BUNDLE_IDENTIFIER = "-smurfs.com.Assign1-Calculator";
				PRODUCT_NAME = "$(TARGET_NAME)";
			};
			name = Release;
		};
/* End XCBuildConfiguration section */

/* Begin XCConfigurationList section */
		D33E014A1D38D8DF003A6BAA /* Build configuration list for PBXProject "Assign1_Calculator" */ = {
			isa = XCConfigurationList;
			buildConfigurations = (
				D33E015F1D38D8E0003A6BAA /* Debug */,
				D33E01601D38D8E0003A6BAA /* Release */,
			);
			defaultConfigurationIsVisible = 0;
			defaultConfigurationName = Release;
		};
		D33E01611D38D8E0003A6BAA /* Build configuration list for PBXNativeTarget "Assign1_Calculator" */ = {
			isa = XCConfigurationList;
			buildConfigurations = (
				D33E01621D38D8E0003A6BAA /* Debug */,
				D33E01631D38D8E0003A6BAA /* Release */,
			);
			defaultConfigurationIsVisible = 0;
			defaultConfigurationName = Release;
		};
/* End XCConfigurationList section */
	};
	rootObject = D33E01471D38D8DF003A6BAA /* Project object */;
}
